
Microsoft Visual Studio Solution File, Format Version 12.00
# Visual Studio Version 17
VisualStudioVersion = 17.3.32901.215
MinimumVisualStudioVersion = 10.0.40219.1
Project("{FAE04EC0-301F-11D3-BF4B-00C04F79EFBC}") = "Captchachar", "Captchachar\Captchachar.csproj", "{54BB0991-4FBA-4E8C-B41B-9F5BC99A2AAE}"
EndProject
Global
	GlobalSection(SolutionConfigurationPlatforms) = preSolution
		Debug|Any CPU = Debug|Any CPU
		Release|Any CPU = Release|Any CPU
	EndGlobalSection
	GlobalSection(ProjectConfigurationPlatforms) = postSolution
		{54BB0991-4FBA-4E8C-B41B-9F5BC99A2AAE}.Debug|Any CPU.ActiveCfg = Debug|Any CPU
		{54BB0991-4FBA-4E8C-B41B-9F5BC99A2AAE}.Debug|Any CPU.Build.0 = Debug|Any CPU
		{54BB0991-4FBA-4E8C-B41B-9F5BC99A2AAE}.Release|Any CPU.ActiveCfg = Release|Any CPU
		{54BB0991-4FBA-4E8C-B41B-9F5BC99A2AAE}.Release|Any CPU.Build.0 = Release|Any CPU
	EndGlobalSection
	GlobalSection(SolutionProperties) = preSolution
		HideSolutionNode = FALSE
	EndGlobalSection
	GlobalSection(ExtensibilityGlobals) = postSolution
		SolutionGuid = {14B32E93-724F-432A-8B8B-659E94CC94DC}
	EndGlobalSection
EndGlobal
